PODS:
  - Alamofire (4.7.2)
  - Realm (3.5.0):
    - Realm/Headers (= 3.5.0)
  - Realm/Headers (3.5.0)
  - RealmSwift (3.5.0):
    - Realm (= 3.5.0)
  - SDWebImage (3.8.2):
    - SDWebImage/Core (= 3.8.2)
  - SDWebImage/Core (3.8.2)
  - SnapKit (4.0.0)
  - SVProgressHUD (2.2.5)

DEPENDENCIES:
  - Alamofire (~> 4.0)
  - RealmSwift
  - SDWebImage (~> 3.8)
  - SnapKit (~> 4.0.0)
  - SVProgressHUD (from `https://github.com/SVProgressHUD/SVProgressHUD.git`)

SPEC REPOS:
  https://github.com/cocoapods/specs.git:
    - Alamofire
    - Realm
    - RealmSwift
    - SDWebImage
    - SnapKit

EXTERNAL SOURCES:
  SVProgressHUD:
    :git: https://github.com/SVProgressHUD/SVProgressHUD.git

CHECKOUT OPTIONS:
  SVProgressHUD:
    :commit: d860511141f71fa0fb40c3241a0701be06ad7838
    :git: https://github.com/SVProgressHUD/SVProgressHUD.git

SPEC CHECKSUMS:
  Alamofire: e4fa87002c137ba2d8d634d2c51fabcda0d5c223
  Realm: 0378021c424e4e2bd6a0e63b27881e929d9b9ad1
  RealmSwift: 3322562622fda2ad596985ead4d8d8be30cf838c
  SDWebImage: 098e97e6176540799c27e804c96653ee0833d13c
  SnapKit: a42d492c16e80209130a3379f73596c3454b7694
  SVProgressHUD: 1428aafac632c1f86f62aa4243ec12008d7a51d6

PODFILE CHECKSUM: 58721a5a5ea92a76b384f27ddfbd07d3644b5f0a

COCOAPODS: 1.5.3
